
Microsoft Visual Studio Solution File, Format Version 12.00
# Visual Studio Version 16
VisualStudioVersion = 16.0.34301.259
MinimumVisualStudioVersion = 10.0.40219.1
Project("{FAE04EC0-301F-11D3-BF4B-00C04F79EFBC}") = "AreaСalculation", "AreaСalculation\AreaСalculation.csproj", "{32CFBDCB-2EA9-4241-A3F3-F2FE71C98858}"
EndProject
Project("{FAE04EC0-301F-11D3-BF4B-00C04F79EFBC}") = "UnitTestAreaCalculation", "UnitTestAreaCalculation\UnitTestAreaCalculation.csproj", "{C1C6A79F-C21F-4EA7-ABA8-F1B92C66CC8F}"
EndProject
Global
	GlobalSection(SolutionConfigurationPlatforms) = preSolution
		Debug|Any CPU = Debug|Any CPU
		Release|Any CPU = Release|Any CPU
	EndGlobalSection
	GlobalSection(ProjectConfigurationPlatforms) = postSolution
		{32CFBDCB-2EA9-4241-A3F3-F2FE71C98858}.Debug|Any CPU.ActiveCfg = Debug|Any CPU
		{32CFBDCB-2EA9-4241-A3F3-F2FE71C98858}.Debug|Any CPU.Build.0 = Debug|Any CPU
		{32CFBDCB-2EA9-4241-A3F3-F2FE71C98858}.Release|Any CPU.ActiveCfg = Release|Any CPU
		{32CFBDCB-2EA9-4241-A3F3-F2FE71C98858}.Release|Any CPU.Build.0 = Release|Any CPU
		{C1C6A79F-C21F-4EA7-ABA8-F1B92C66CC8F}.Debug|Any CPU.ActiveCfg = Debug|Any CPU
		{C1C6A79F-C21F-4EA7-ABA8-F1B92C66CC8F}.Debug|Any CPU.Build.0 = Debug|Any CPU
		{C1C6A79F-C21F-4EA7-ABA8-F1B92C66CC8F}.Release|Any CPU.ActiveCfg = Release|Any CPU
		{C1C6A79F-C21F-4EA7-ABA8-F1B92C66CC8F}.Release|Any CPU.Build.0 = Release|Any CPU
	EndGlobalSection
	GlobalSection(SolutionProperties) = preSolution
		HideSolutionNode = FALSE
	EndGlobalSection
	GlobalSection(ExtensibilityGlobals) = postSolution
		SolutionGuid = {DEB007C7-4FAC-4588-8CBE-3C54048BEE41}
	EndGlobalSection
EndGlobal
